// !$*UTF8*$!
{
	archiveVersion = 1;
	classes = {
	};
	objectVersion = 50;
	objects = {

/* Begin PBXBuildFile section */
		24F8A27488F884117FCED2DB /* Pods_RWPickFlavor.framework in Frameworks */ = {isa = PBXBuildFile; fileRef = F901007B7C069C6285CBBD0A /* Pods_RWPickFlavor.framework */; };
		845CA49E23825A59008DB74B /* RWPickFlavor.h in Headers */ = {isa = PBXBuildFile; fileRef = 845CA49C23825A59008DB74B /* RWPickFlavor.h */; settings = {ATTRIBUTES = (Public, ); }; };
		845CA4AC238279F2008DB74B /* Flavor.swift in Sources */ = {isa = PBXBuildFile; fileRef = 845CA4A4238279F1008DB74B /* Flavor.swift */; };
		845CA4AD238279F2008DB74B /* PickFlavorViewController.swift in Sources */ = {isa = PBXBuildFile; fileRef = 845CA4A5238279F2008DB74B /* PickFlavorViewController.swift */; };
		845CA4AE238279F2008DB74B /* FlavorFactory.swift in Sources */ = {isa = PBXBuildFile; fileRef = 845CA4A6238279F2008DB74B /* FlavorFactory.swift */; };
		845CA4AF238279F2008DB74B /* Images.xcassets in Resources */ = {isa = PBXBuildFile; fileRef = 845CA4A7238279F2008DB74B /* Images.xcassets */; };
		845CA4B0238279F2008DB74B /* ScoopView.swift in Sources */ = {isa = PBXBuildFile; fileRef = 845CA4A8238279F2008DB74B /* ScoopView.swift */; };
		845CA4B1238279F2008DB74B /* IceCreamView.swift in Sources */ = {isa = PBXBuildFile; fileRef = 845CA4A9238279F2008DB74B /* IceCreamView.swift */; };
		845CA4B2238279F2008DB74B /* UIColor+RGBA.swift in Sources */ = {isa = PBXBuildFile; fileRef = 845CA4AA238279F2008DB74B /* UIColor+RGBA.swift */; };
		845CA4B3238279F2008DB74B /* ScoopCell.swift in Sources */ = {isa = PBXBuildFile; fileRef = 845CA4AB238279F2008DB74B /* ScoopCell.swift */; };
		845CA4B623827CAF008DB74B /* Main.storyboard in Resources */ = {isa = PBXBuildFile; fileRef = 845CA4B523827CAE008DB74B /* Main.storyboard */; };
/* End PBXBuildFile section */

/* Begin PBXFileReference section */
		800DE721CCD8C4C71FE32AD0 /* Pods-RWPickFlavor.debug.xcconfig */ = {isa = PBXFileReference; includeInIndex = 1; lastKnownFileType = text.xcconfig; name = "Pods-RWPickFlavor.debug.xcconfig"; path = "Target Support Files/Pods-RWPickFlavor/Pods-RWPickFlavor.debug.xcconfig"; sourceTree = "<group>"; };
		845CA49923825A59008DB74B /* RWPickFlavor.framework */ = {isa = PBXFileReference; explicitFileType = wrapper.framework; includeInIndex = 0; path = RWPickFlavor.framework; sourceTree = BUILT_PRODUCTS_DIR; };
		845CA49C23825A59008DB74B /* RWPickFlavor.h */ = {isa = PBXFileReference; lastKnownFileType = sourcecode.c.h; path = RWPickFlavor.h; sourceTree = "<group>"; };
		845CA49D23825A59008DB74B /* Info.plist */ = {isa = PBXFileReference; lastKnownFileType = text.plist.xml; path = Info.plist; sourceTree = "<group>"; };
		845CA4A4238279F1008DB74B /* Flavor.swift */ = {isa = PBXFileReference; fileEncoding = 4; lastKnownFileType = sourcecode.swift; path = Flavor.swift; sourceTree = "<group>"; };
		845CA4A5238279F2008DB74B /* PickFlavorViewController.swift */ = {isa = PBXFileReference; fileEncoding = 4; lastKnownFileType = sourcecode.swift; path = PickFlavorViewController.swift; sourceTree = "<group>"; };
		845CA4A6238279F2008DB74B /* FlavorFactory.swift */ = {isa = PBXFileReference; fileEncoding = 4; lastKnownFileType = sourcecode.swift; path = FlavorFactory.swift; sourceTree = "<group>"; };
		845CA4A7238279F2008DB74B /* Images.xcassets */ = {isa = PBXFileReference; lastKnownFileType = folder.assetcatalog; path = Images.xcassets; sourceTree = "<group>"; };
		845CA4A8238279F2008DB74B /* ScoopView.swift */ = {isa = PBXFileReference; fileEncoding = 4; lastKnownFileType = sourcecode.swift; path = ScoopView.swift; sourceTree = "<group>"; };
		845CA4A9238279F2008DB74B /* IceCreamView.swift */ = {isa = PBXFileReference; fileEncoding = 4; lastKnownFileType = sourcecode.swift; path = IceCreamView.swift; sourceTree = "<group>"; };
		845CA4AA238279F2008DB74B /* UIColor+RGBA.swift */ = {isa = PBXFileReference; fileEncoding = 4; lastKnownFileType = sourcecode.swift; path = "UIColor+RGBA.swift"; sourceTree = "<group>"; };
		845CA4AB238279F2008DB74B /* ScoopCell.swift */ = {isa = PBXFileReference; fileEncoding = 4; lastKnownFileType = sourcecode.swift; path = ScoopCell.swift; sourceTree = "<group>"; };
		845CA4B523827CAE008DB74B /* Main.storyboard */ = {isa = PBXFileReference; fileEncoding = 4; lastKnownFileType = file.storyboard; path = Main.storyboard; sourceTree = "<group>"; };
		9287ABBC67E46C1254E33751 /* Pods-RWPickFlavor.release.xcconfig */ = {isa = PBXFileReference; includeInIndex = 1; lastKnownFileType = text.xcconfig; name = "Pods-RWPickFlavor.release.xcconfig"; path = "Target Support Files/Pods-RWPickFlavor/Pods-RWPickFlavor.release.xcconfig"; sourceTree = "<group>"; };
		F901007B7C069C6285CBBD0A /* Pods_RWPickFlavor.framework */ = {isa = PBXFileReference; explicitFileType = wrapper.framework; includeInIndex = 0; path = Pods_RWPickFlavor.framework; sourceTree = BUILT_PRODUCTS_DIR; };
/* End PBXFileReference section */

/* Begin PBXFrameworksBuildPhase section */
		845CA49623825A59008DB74B /* Frameworks */ = {
			isa = PBXFrameworksBuildPhase;
			buildActionMask = 2147483647;
			files = (
				24F8A27488F884117FCED2DB /* Pods_RWPickFlavor.framework in Frameworks */,
			);
			runOnlyForDeploymentPostprocessing = 0;
		};
/* End PBXFrameworksBuildPhase section */

/* Begin PBXGroup section */
		264ED554528D9D77EFD36466 /* Pods */ = {
			isa = PBXGroup;
			children = (
				800DE721CCD8C4C71FE32AD0 /* Pods-RWPickFlavor.debug.xcconfig */,
				9287ABBC67E46C1254E33751 /* Pods-RWPickFlavor.release.xcconfig */,
			);
			path = Pods;
			sourceTree = "<group>";
		};
		845CA48F23825A59008DB74B = {
			isa = PBXGroup;
			children = (
				845CA49B23825A59008DB74B /* RWPickFlavor */,
				845CA49A23825A59008DB74B /* Products */,
				264ED554528D9D77EFD36466 /* Pods */,
				E2D6D261DB9FDC01ED194F44 /* Frameworks */,
			);
			sourceTree = "<group>";
		};
		845CA49A23825A59008DB74B /* Products */ = {
			isa = PBXGroup;
			children = (
				845CA49923825A59008DB74B /* RWPickFlavor.framework */,
			);
			name = Products;
			sourceTree = "<group>";
		};
		845CA49B23825A59008DB74B /* RWPickFlavor */ = {
			isa = PBXGroup;
			children = (
				845CA49C23825A59008DB74B /* RWPickFlavor.h */,
				845CA4B923827D91008DB74B /* Models */,
				845CA4B823827D81008DB74B /* ViewController */,
				845CA4B723827D3F008DB74B /* Resources */,
				845CA4B423827A25008DB74B /* Views */,
				845CA4AA238279F2008DB74B /* UIColor+RGBA.swift */,
				845CA49D23825A59008DB74B /* Info.plist */,
			);
			path = RWPickFlavor;
			sourceTree = "<group>";
		};
		845CA4B423827A25008DB74B /* Views */ = {
			isa = PBXGroup;
			children = (
				845CA4A9238279F2008DB74B /* IceCreamView.swift */,
				845CA4AB238279F2008DB74B /* ScoopCell.swift */,
				845CA4A8238279F2008DB74B /* ScoopView.swift */,
			);
			path = Views;
			sourceTree = "<group>";
		};
		845CA4B723827D3F008DB74B /* Resources */ = {
			isa = PBXGroup;
			children = (
				845CA4A7238279F2008DB74B /* Images.xcassets */,
			);
			path = Resources;
			sourceTree = "<group>";
		};
		845CA4B823827D81008DB74B /* ViewController */ = {
			isa = PBXGroup;
			children = (
				845CA4A5238279F2008DB74B /* PickFlavorViewController.swift */,
				845CA4A6238279F2008DB74B /* FlavorFactory.swift */,
				845CA4B523827CAE008DB74B /* Main.storyboard */,
			);
			path = ViewController;
			sourceTree = "<group>";
		};
		845CA4B923827D91008DB74B /* Models */ = {
			isa = PBXGroup;
			children = (
				845CA4A4238279F1008DB74B /* Flavor.swift */,
			);
			path = Models;
			sourceTree = "<group>";
		};
		E2D6D261DB9FDC01ED194F44 /* Frameworks */ = {
			isa = PBXGroup;
			children = (
				F901007B7C069C6285CBBD0A /* Pods_RWPickFlavor.framework */,
			);
			name = Frameworks;
			sourceTree = "<group>";
		};
/* End PBXGroup section */

/* Begin PBXHeadersBuildPhase section */
		845CA49423825A59008DB74B /* Headers */ = {
			isa = PBXHeadersBuildPhase;
			buildActionMask = 2147483647;
			files = (
				845CA49E23825A59008DB74B /* RWPickFlavor.h in Headers */,
			);
			runOnlyForDeploymentPostprocessing = 0;
		};
/* End PBXHeadersBuildPhase section */

/* Begin PBXNativeTarget section */
		845CA49823825A59008DB74B /* RWPickFlavor */ = {
			isa = PBXNativeTarget;
			buildConfigurationList = 845CA4A123825A59008DB74B /* Build configuration list for PBXNativeTarget "RWPickFlavor" */;
			buildPhases = (
				8E18E5673565B4D896AF0D7A /* [CP] Check Pods Manifest.lock */,
				845CA49423825A59008DB74B /* Headers */,
				845CA49523825A59008DB74B /* Sources */,
				845CA49623825A59008DB74B /* Frameworks */,
				845CA49723825A59008DB74B /* Resources */,
			);
			buildRules = (
			);
			dependencies = (
			);
			name = RWPickFlavor;
			productName = RWPickFlavor;
			productReference = 845CA49923825A59008DB74B /* RWPickFlavor.framework */;
			productType = "com.apple.product-type.framework";
		};
/* End PBXNativeTarget section */

/* Begin PBXProject section */
		845CA49023825A59008DB74B /* Project object */ = {
			isa = PBXProject;
			attributes = {
				LastUpgradeCheck = 1030;
				ORGANIZATIONNAME = "Lang Le";
				TargetAttributes = {
					845CA49823825A59008DB74B = {
						CreatedOnToolsVersion = 10.3;
						LastSwiftMigration = 1030;
					};
				};
			};
			buildConfigurationList = 845CA49323825A59008DB74B /* Build configuration list for PBXProject "RWPickFlavor" */;
			compatibilityVersion = "Xcode 9.3";
			developmentRegion = en;
			hasScannedForEncodings = 0;
			knownRegions = (
				en,
			);
			mainGroup = 845CA48F23825A59008DB74B;
			productRefGroup = 845CA49A23825A59008DB74B /* Products */;
			projectDirPath = "";
			projectRoot = "";
			targets = (
				845CA49823825A59008DB74B /* RWPickFlavor */,
			);
		};
/* End PBXProject section */

/* Begin PBXResourcesBuildPhase section */
		845CA49723825A59008DB74B /* Resources */ = {
			isa = PBXResourcesBuildPhase;
			buildActionMask = 2147483647;
			files = (
				845CA4AF238279F2008DB74B /* Images.xcassets in Resources */,
				845CA4B623827CAF008DB74B /* Main.storyboard in Resources */,
			);
			runOnlyForDeploymentPostprocessing = 0;
		};
/* End PBXResourcesBuildPhase section */

/* Begin PBXShellScriptBuildPhase section */
		8E18E5673565B4D896AF0D7A /* [CP] Check Pods Manifest.lock */ = {
			isa = PBXShellScriptBuildPhase;
			buildActionMask = 2147483647;
			files = (
			);
			inputFileListPaths = (
			);
			inputPaths = (
				"${PODS_PODFILE_DIR_PATH}/Podfile.lock",
				"${PODS_ROOT}/Manifest.lock",
			);
			name = "[CP] Check Pods Manifest.lock";
			outputFileListPaths = (
			);
			outputPaths = (
				"$(DERIVED_FILE_DIR)/Pods-RWPickFlavor-checkManifestLockResult.txt",
			);
			runOnlyForDeploymentPostprocessing = 0;
			shellPath = /bin/sh;
			shellScript = "diff \"${PODS_PODFILE_DIR_PATH}/Podfile.lock\" \"${PODS_ROOT}/Manifest.lock\" > /dev/null\nif [ $? != 0 ] ; then\n    # print error to STDERR\n    echo \"error: The sandbox is not in sync with the Podfile.lock. Run 'pod install' or update your CocoaPods installation.\" >&2\n    exit 1\nfi\n# This output is used by Xcode 'outputs' to avoid re-running this script phase.\necho \"SUCCESS\" > \"${SCRIPT_OUTPUT_FILE_0}\"\n";
			showEnvVarsInLog = 0;
		};
/* End PBXShellScriptBuildPhase section */

/* Begin PBXSourcesBuildPhase section */
		845CA49523825A59008DB74B /* Sources */ = {
			isa = PBXSourcesBuildPhase;
			buildActionMask = 2147483647;
			files = (
				845CA4AC238279F2008DB74B /* Flavor.swift in Sources */,
				845CA4B0238279F2008DB74B /* ScoopView.swift in Sources */,
				845CA4B3238279F2008DB74B /* ScoopCell.swift in Sources */,
				845CA4AE238279F2008DB74B /* FlavorFactory.swift in Sources */,
				845CA4B1238279F2008DB74B /* IceCreamView.swift in Sources */,
				845CA4AD238279F2008DB74B /* PickFlavorViewController.swift in Sources */,
				845CA4B2238279F2008DB74B /* UIColor+RGBA.swift in Sources */,
			);
			runOnlyForDeploymentPostprocessing = 0;
		};
/* End PBXSourcesBuildPhase section */

/* Begin XCBuildConfiguration section */
		845CA49F23825A59008DB74B /* Debug */ = {
			isa = XCBuildConfiguration;
			buildSettings = {
				ALWAYS_SEARCH_USER_PATHS = NO;
				CLANG_ANALYZER_NONNULL = YES;
				CLANG_ANALYZER_NUMBER_OBJECT_CONVERSION = YES_AGGRESSIVE;
				CLANG_CXX_LANGUAGE_STANDARD = "gnu++14";
				CLANG_CXX_LIBRARY = "libc++";
				CLANG_ENABLE_MODULES = YES;
				CLANG_ENABLE_OBJC_ARC = YES;
				CLANG_ENABLE_OBJC_WEAK = YES;
				CLANG_WARN_BLOCK_CAPTURE_AUTORELEASING = YES;
				CLANG_WARN_BOOL_CONVERSION = YES;
				CLANG_WARN_COMMA = YES;
				CLANG_WARN_CONSTANT_CONVERSION = YES;
				CLANG_WARN_DEPRECATED_OBJC_IMPLEMENTATIONS = YES;
				CLANG_WARN_DIRECT_OBJC_ISA_USAGE = YES_ERROR;
				CLANG_WARN_DOCUMENTATION_COMMENTS = YES;
				CLANG_WARN_EMPTY_BODY = YES;
				CLANG_WARN_ENUM_CONVERSION = YES;
				CLANG_WARN_INFINITE_RECURSION = YES;
				CLANG_WARN_INT_CONVERSION = YES;
				CLANG_WARN_NON_LITERAL_NULL_CONVERSION = YES;
				CLANG_WARN_OBJC_IMPLICIT_RETAIN_SELF = YES;
				CLANG_WARN_OBJC_LITERAL_CONVERSION = YES;
				CLANG_WARN_OBJC_ROOT_CLASS = YES_ERROR;
				CLANG_WARN_RANGE_LOOP_ANALYSIS = YES;
				CLANG_WARN_STRICT_PROTOTYPES = YES;
				CLANG_WARN_SUSPICIOUS_MOVE = YES;
				CLANG_WARN_UNGUARDED_AVAILABILITY = YES_AGGRESSIVE;
				CLANG_WARN_UNREACHABLE_CODE = YES;
				CLANG_WARN__DUPLICATE_METHOD_MATCH = YES;
				CODE_SIGN_IDENTITY = "iPhone Developer";
				COPY_PHASE_STRIP = NO;
				CURRENT_PROJECT_VERSION = 1;
				DEBUG_INFORMATION_FORMAT = dwarf;
				ENABLE_STRICT_OBJC_MSGSEND = YES;
				ENABLE_TESTABILITY = YES;
				GCC_C_LANGUAGE_STANDARD = gnu11;
				GCC_DYNAMIC_NO_PIC = NO;
				GCC_NO_COMMON_BLOCKS = YES;
				GCC_OPTIMIZATION_LEVEL = 0;
				GCC_PREPROCESSOR_DEFINITIONS = (
					"DEBUG=1",
					"$(inherited)",
				);
				GCC_WARN_64_TO_32_BIT_CONVERSION = YES;
				GCC_WARN_ABOUT_RETURN_TYPE = YES_ERROR;
				GCC_WARN_UNDECLARED_SELECTOR = YES;
				GCC_WARN_UNINITIALIZED_AUTOS = YES_AGGRESSIVE;
				GCC_WARN_UNUSED_FUNCTION = YES;
				GCC_WARN_UNUSED_VARIABLE = YES;
				IPHONEOS_DEPLOYMENT_TARGET = 12.4;
				MTL_ENABLE_DEBUG_INFO = INCLUDE_SOURCE;
				MTL_FAST_MATH = YES;
				ONLY_ACTIVE_ARCH = YES;
				SDKROOT = iphoneos;
				SWIFT_ACTIVE_COMPILATION_CONDITIONS = DEBUG;
				SWIFT_OPTIMIZATION_LEVEL = "-Onone";
				VERSIONING_SYSTEM = "apple-generic";
				VERSION_INFO_PREFIX = "";
			};
			name = Debug;
		};
		845CA4A023825A59008DB74B /* Release */ = {
			isa = XCBuildConfiguration;
			buildSettings = {
				ALWAYS_SEARCH_USER_PATHS = NO;
				CLANG_ANALYZER_NONNULL = YES;
				CLANG_ANALYZER_NUMBER_OBJECT_CONVERSION = YES_AGGRESSIVE;
				CLANG_CXX_LANGUAGE_STANDARD = "gnu++14";
				CLANG_CXX_LIBRARY = "libc++";
				CLANG_ENABLE_MODULES = YES;
				CLANG_ENABLE_OBJC_ARC = YES;
				CLANG_ENABLE_OBJC_WEAK = YES;
				CLANG_WARN_BLOCK_CAPTURE_AUTORELEASING = YES;
				CLANG_WARN_BOOL_CONVERSION = YES;
				CLANG_WARN_COMMA = YES;
				CLANG_WARN_CONSTANT_CONVERSION = YES;
				CLANG_WARN_DEPRECATED_OBJC_IMPLEMENTATIONS = YES;
				CLANG_WARN_DIRECT_OBJC_ISA_USAGE = YES_ERROR;
				CLANG_WARN_DOCUMENTATION_COMMENTS = YES;
				CLANG_WARN_EMPTY_BODY = YES;
				CLANG_WARN_ENUM_CONVERSION = YES;
				CLANG_WARN_INFINITE_RECURSION = YES;
				CLANG_WARN_INT_CONVERSION = YES;
				CLANG_WARN_NON_LITERAL_NULL_CONVERSION = YES;
				CLANG_WARN_OBJC_IMPLICIT_RETAIN_SELF = YES;
				CLANG_WARN_OBJC_LITERAL_CONVERSION = YES;
				CLANG_WARN_OBJC_ROOT_CLASS = YES_ERROR;
				CLANG_WARN_RANGE_LOOP_ANALYSIS = YES;
				CLANG_WARN_STRICT_PROTOTYPES = YES;
				CLANG_WARN_SUSPICIOUS_MOVE = YES;
				CLANG_WARN_UNGUARDED_AVAILABILITY = YES_AGGRESSIVE;
				CLANG_WARN_UNREACHABLE_CODE = YES;
				CLANG_WARN__DUPLICATE_METHOD_MATCH = YES;
				CODE_SIGN_IDENTITY = "iPhone Developer";
				COPY_PHASE_STRIP = NO;
				CURRENT_PROJECT_VERSION = 1;
				DEBUG_INFORMATION_FORMAT = "dwarf-with-dsym";
				ENABLE_NS_ASSERTIONS = NO;
				ENABLE_STRICT_OBJC_MSGSEND = YES;
				GCC_C_LANGUAGE_STANDARD = gnu11;
				GCC_NO_COMMON_BLOCKS = YES;
				GCC_WARN_64_TO_32_BIT_CONVERSION = YES;
				GCC_WARN_ABOUT_RETURN_TYPE = YES_ERROR;
				GCC_WARN_UNDECLARED_SELECTOR = YES;
				GCC_WARN_UNINITIALIZED_AUTOS = YES_AGGRESSIVE;
				GCC_WARN_UNUSED_FUNCTION = YES;
				GCC_WARN_UNUSED_VARIABLE = YES;
				IPHONEOS_DEPLOYMENT_TARGET = 12.4;
				MTL_ENABLE_DEBUG_INFO = NO;
				MTL_FAST_MATH = YES;
				SDKROOT = iphoneos;
				SWIFT_COMPILATION_MODE = wholemodule;
				SWIFT_OPTIMIZATION_LEVEL = "-O";
				VALIDATE_PRODUCT = YES;
				VERSIONING_SYSTEM = "apple-generic";
				VERSION_INFO_PREFIX = "";
			};
			name = Release;
		};
		845CA4A223825A59008DB74B /* Debug */ = {
			isa = XCBuildConfiguration;
			baseConfigurationReference = 800DE721CCD8C4C71FE32AD0 /* Pods-RWPickFlavor.debug.xcconfig */;
			buildSettings = {
				CLANG_ENABLE_MODULES = YES;
				CODE_SIGN_IDENTITY = "";
				CODE_SIGN_STYLE = Automatic;
				DEFINES_MODULE = YES;
				DYLIB_COMPATIBILITY_VERSION = 1;
				DYLIB_CURRENT_VERSION = 1;
				DYLIB_INSTALL_NAME_BASE = "@rpath";
				INFOPLIST_FILE = RWPickFlavor/Info.plist;
				INSTALL_PATH = "$(LOCAL_LIBRARY_DIR)/Frameworks";
				LD_RUNPATH_SEARCH_PATHS = (
					"$(inherited)",
					"@executable_path/Frameworks",
					"@loader_path/Frameworks",
				);
				PRODUCT_BUNDLE_IDENTIFIER = qupworld.RWPickFlavor;
				PRODUCT_NAME = "$(TARGET_NAME:c99extidentifier)";
				SKIP_INSTALL = YES;
				SWIFT_OPTIMIZATION_LEVEL = "-Onone";
				SWIFT_VERSION = 5.0;
				TARGETED_DEVICE_FAMILY = "1,2";
			};
			name = Debug;
		};
		845CA4A323825A59008DB74B /* Release */ = {
			isa = XCBuildConfiguration;
			baseConfigurationReference = 9287ABBC67E46C1254E33751 /* Pods-RWPickFlavor.release.xcconfig */;
			buildSettings = {
				CLANG_ENABLE_MODULES = YES;
				CODE_SIGN_IDENTITY = "";
				CODE_SIGN_STYLE = Automatic;
				DEFINES_MODULE = YES;
				DYLIB_COMPATIBILITY_VERSION = 1;
				DYLIB_CURRENT_VERSION = 1;
				DYLIB_INSTALL_NAME_BASE = "@rpath";
				INFOPLIST_FILE = RWPickFlavor/Info.plist;
				INSTALL_PATH = "$(LOCAL_LIBRARY_DIR)/Frameworks";
				LD_RUNPATH_SEARCH_PATHS = (
					"$(inherited)",
					"@executable_path/Frameworks",
					"@loader_path/Frameworks",
				);
				PRODUCT_BUNDLE_IDENTIFIER = qupworld.RWPickFlavor;
				PRODUCT_NAME = "$(TARGET_NAME:c99extidentifier)";
				SKIP_INSTALL = YES;
				SWIFT_VERSION = 5.0;
				TARGETED_DEVICE_FAMILY = "1,2";
			};
			name = Release;
		};
/* End XCBuildConfiguration section */

/* Begin XCConfigurationList section */
		845CA49323825A59008DB74B /* Build configuration list for PBXProject "RWPickFlavor" */ = {
			isa = XCConfigurationList;
			buildConfigurations = (
				845CA49F23825A59008DB74B /* Debug */,
				845CA4A023825A59008DB74B /* Release */,
			);
			defaultConfigurationIsVisible = 0;
			defaultConfigurationName = Release;
		};
		845CA4A123825A59008DB74B /* Build configuration list for PBXNativeTarget "RWPickFlavor" */ = {
			isa = XCConfigurationList;
			buildConfigurations = (
				845CA4A223825A59008DB74B /* Debug */,
				845CA4A323825A59008DB74B /* Release */,
			);
			defaultConfigurationIsVisible = 0;
			defaultConfigurationName = Release;
		};
/* End XCConfigurationList section */
	};
	rootObject = 845CA49023825A59008DB74B /* Project object */;
}
